// !$*UTF8*$!
{
	archiveVersion = 1;
	classes = {
	};
	objectVersion = 50;
	objects = {

/* Begin PBXBuildFile section */
		B68D91122512FEE400401A04 /* AppDelegate.m in Sources */ = {isa = PBXBuildFile; fileRef = B68D91112512FEE400401A04 /* AppDelegate.m */; };
		B68D91182512FEE400401A04 /* ViewController.m in Sources */ = {isa = PBXBuildFile; fileRef = B68D91172512FEE400401A04 /* ViewController.m */; };
		B68D911D2512FEEC00401A04 /* Assets.xcassets in Resources */ = {isa = PBXBuildFile; fileRef = B68D911C2512FEEC00401A04 /* Assets.xcassets */; };
		B68D91202512FEEC00401A04 /* LaunchScreen.storyboard in Resources */ = {isa = PBXBuildFile; fileRef = B68D911E2512FEEC00401A04 /* LaunchScreen.storyboard */; };
		B68D91232512FEEC00401A04 /* main.m in Sources */ = {isa = PBXBuildFile; fileRef = B68D91222512FEEC00401A04 /* main.m */; };
		B68D912B2512FFF600401A04 /* SecondViewController.m in Sources */ = {isa = PBXBuildFile; fileRef = B68D912A2512FFF600401A04 /* SecondViewController.m */; };
		B68D912F25130BC100401A04 /* XMYProxy.m in Sources */ = {isa = PBXBuildFile; fileRef = B68D912E25130BC100401A04 /* XMYProxy.m */; };
		B68D913325130F8800401A04 /* XMYWeakProxy.m in Sources */ = {isa = PBXBuildFile; fileRef = B68D913225130F8800401A04 /* XMYWeakProxy.m */; };
/* End PBXBuildFile section */

/* Begin PBXFileReference section */
		B68D910D2512FEE400401A04 /* NSTimer解决循环泄漏.app */ = {isa = PBXFileReference; explicitFileType = wrapper.application; includeInIndex = 0; path = "NSTimer解决循环泄漏.app"; sourceTree = BUILT_PRODUCTS_DIR; };
		B68D91102512FEE400401A04 /* AppDelegate.h */ = {isa = PBXFileReference; lastKnownFileType = sourcecode.c.h; path = AppDelegate.h; sourceTree = "<group>"; };
		B68D91112512FEE400401A04 /* AppDelegate.m */ = {isa = PBXFileReference; lastKnownFileType = sourcecode.c.objc; path = AppDelegate.m; sourceTree = "<group>"; };
		B68D91162512FEE400401A04 /* ViewController.h */ = {isa = PBXFileReference; lastKnownFileType = sourcecode.c.h; path = ViewController.h; sourceTree = "<group>"; };
		B68D91172512FEE400401A04 /* ViewController.m */ = {isa = PBXFileReference; lastKnownFileType = sourcecode.c.objc; path = ViewController.m; sourceTree = "<group>"; };
		B68D911C2512FEEC00401A04 /* Assets.xcassets */ = {isa = PBXFileReference; lastKnownFileType = folder.assetcatalog; path = Assets.xcassets; sourceTree = "<group>"; };
		B68D911F2512FEEC00401A04 /* Base */ = {isa = PBXFileReference; lastKnownFileType = file.storyboard; name = Base; path = Base.lproj/LaunchScreen.storyboard; sourceTree = "<group>"; };
		B68D91212512FEEC00401A04 /* Info.plist */ = {isa = PBXFileReference; lastKnownFileType = text.plist.xml; path = Info.plist; sourceTree = "<group>"; };
		B68D91222512FEEC00401A04 /* main.m */ = {isa = PBXFileReference; lastKnownFileType = sourcecode.c.objc; path = main.m; sourceTree = "<group>"; };
		B68D91292512FFF600401A04 /* SecondViewController.h */ = {isa = PBXFileReference; lastKnownFileType = sourcecode.c.h; path = SecondViewController.h; sourceTree = "<group>"; };
		B68D912A2512FFF600401A04 /* SecondViewController.m */ = {isa = PBXFileReference; lastKnownFileType = sourcecode.c.objc; path = SecondViewController.m; sourceTree = "<group>"; };
		B68D912D25130BC100401A04 /* XMYProxy.h */ = {isa = PBXFileReference; lastKnownFileType = sourcecode.c.h; path = XMYProxy.h; sourceTree = "<group>"; };
		B68D912E25130BC100401A04 /* XMYProxy.m */ = {isa = PBXFileReference; lastKnownFileType = sourcecode.c.objc; path = XMYProxy.m; sourceTree = "<group>"; };
		B68D913125130F8800401A04 /* XMYWeakProxy.h */ = {isa = PBXFileReference; lastKnownFileType = sourcecode.c.h; path = XMYWeakProxy.h; sourceTree = "<group>"; };
		B68D913225130F8800401A04 /* XMYWeakProxy.m */ = {isa = PBXFileReference; lastKnownFileType = sourcecode.c.objc; path = XMYWeakProxy.m; sourceTree = "<group>"; };
/* End PBXFileReference section */

/* Begin PBXFrameworksBuildPhase section */
		B68D910A2512FEE400401A04 /* Frameworks */ = {
			isa = PBXFrameworksBuildPhase;
			buildActionMask = 2147483647;
			files = (
			);
			runOnlyForDeploymentPostprocessing = 0;
		};
/* End PBXFrameworksBuildPhase section */

/* Begin PBXGroup section */
		B68D91042512FEE400401A04 = {
			isa = PBXGroup;
			children = (
				B68D910F2512FEE400401A04 /* NSTimer解决循环泄漏 */,
				B68D910E2512FEE400401A04 /* Products */,
			);
			sourceTree = "<group>";
		};
		B68D910E2512FEE400401A04 /* Products */ = {
			isa = PBXGroup;
			children = (
				B68D910D2512FEE400401A04 /* NSTimer解决循环泄漏.app */,
			);
			name = Products;
			sourceTree = "<group>";
		};
		B68D910F2512FEE400401A04 /* NSTimer解决循环泄漏 */ = {
			isa = PBXGroup;
			children = (
				B68D913025130F6000401A04 /* 解决方法三 */,
				B68D912C25130BA000401A04 /* 解决方法二 */,
				B68D91102512FEE400401A04 /* AppDelegate.h */,
				B68D91112512FEE400401A04 /* AppDelegate.m */,
				B68D91162512FEE400401A04 /* ViewController.h */,
				B68D91172512FEE400401A04 /* ViewController.m */,
				B68D91292512FFF600401A04 /* SecondViewController.h */,
				B68D912A2512FFF600401A04 /* SecondViewController.m */,
				B68D911C2512FEEC00401A04 /* Assets.xcassets */,
				B68D911E2512FEEC00401A04 /* LaunchScreen.storyboard */,
				B68D91212512FEEC00401A04 /* Info.plist */,
				B68D91222512FEEC00401A04 /* main.m */,
			);
			path = "NSTimer解决循环泄漏";
			sourceTree = "<group>";
		};
		B68D912C25130BA000401A04 /* 解决方法二 */ = {
			isa = PBXGroup;
			children = (
				B68D912D25130BC100401A04 /* XMYProxy.h */,
				B68D912E25130BC100401A04 /* XMYProxy.m */,
			);
			path = "解决方法二";
			sourceTree = "<group>";
		};
		B68D913025130F6000401A04 /* 解决方法三 */ = {
			isa = PBXGroup;
			children = (
				B68D913125130F8800401A04 /* XMYWeakProxy.h */,
				B68D913225130F8800401A04 /* XMYWeakProxy.m */,
			);
			path = "解决方法三";
			sourceTree = "<group>";
		};
/* End PBXGroup section */

/* Begin PBXNativeTarget section */
		B68D910C2512FEE400401A04 /* NSTimer解决循环泄漏 */ = {
			isa = PBXNativeTarget;
			buildConfigurationList = B68D91262512FEEC00401A04 /* Build configuration list for PBXNativeTarget "NSTimer解决循环泄漏" */;
			buildPhases = (
				B68D91092512FEE400401A04 /* Sources */,
				B68D910A2512FEE400401A04 /* Frameworks */,
				B68D910B2512FEE400401A04 /* Resources */,
			);
			buildRules = (
			);
			dependencies = (
			);
			name = "NSTimer解决循环泄漏";
			productName = "NSTimer解决循环泄漏";
			productReference = B68D910D2512FEE400401A04 /* NSTimer解决循环泄漏.app */;
			productType = "com.apple.product-type.application";
		};
/* End PBXNativeTarget section */

/* Begin PBXProject section */
		B68D91052512FEE400401A04 /* Project object */ = {
			isa = PBXProject;
			attributes = {
				LastUpgradeCheck = 1100;
				ORGANIZATIONNAME = "许明洋";
				TargetAttributes = {
					B68D910C2512FEE400401A04 = {
						CreatedOnToolsVersion = 11.0;
					};
				};
			};
			buildConfigurationList = B68D91082512FEE400401A04 /* Build configuration list for PBXProject "NSTimer解决循环泄漏" */;
			compatibilityVersion = "Xcode 9.3";
			developmentRegion = en;
			hasScannedForEncodings = 0;
			knownRegions = (
				en,
				Base,
			);
			mainGroup = B68D91042512FEE400401A04;
			productRefGroup = B68D910E2512FEE400401A04 /* Products */;
			projectDirPath = "";
			projectRoot = "";
			targets = (
				B68D910C2512FEE400401A04 /* NSTimer解决循环泄漏 */,
			);
		};
/* End PBXProject section */

/* Begin PBXResourcesBuildPhase section */
		B68D910B2512FEE400401A04 /* Resources */ = {
			isa = PBXResourcesBuildPhase;
			buildActionMask = 2147483647;
			files = (
				B68D91202512FEEC00401A04 /* LaunchScreen.storyboard in Resources */,
				B68D911D2512FEEC00401A04 /* Assets.xcassets in Resources */,
			);
			runOnlyForDeploymentPostprocessing = 0;
		};
/* End PBXResourcesBuildPhase section */

/* Begin PBXSourcesBuildPhase section */
		B68D91092512FEE400401A04 /* Sources */ = {
			isa = PBXSourcesBuildPhase;
			buildActionMask = 2147483647;
			files = (
				B68D912F25130BC100401A04 /* XMYProxy.m in Sources */,
				B68D912B2512FFF600401A04 /* SecondViewController.m in Sources */,
				B68D91182512FEE400401A04 /* ViewController.m in Sources */,
				B68D913325130F8800401A04 /* XMYWeakProxy.m in Sources */,
				B68D91122512FEE400401A04 /* AppDelegate.m in Sources */,
				B68D91232512FEEC00401A04 /* main.m in Sources */,
			);
			runOnlyForDeploymentPostprocessing = 0;
		};
/* End PBXSourcesBuildPhase section */

/* Begin PBXVariantGroup section */
		B68D911E2512FEEC00401A04 /* LaunchScreen.storyboard */ = {
			isa = PBXVariantGroup;
			children = (
				B68D911F2512FEEC00401A04 /* Base */,
			);
			name = LaunchScreen.storyboard;
			sourceTree = "<group>";
		};
/* End PBXVariantGroup section */

/* Begin XCBuildConfiguration section */
		B68D91242512FEEC00401A04 /* Debug */ = {
			isa = XCBuildConfiguration;
			buildSettings = {
				ALWAYS_SEARCH_USER_PATHS = NO;
				CLANG_ANALYZER_NONNULL = YES;
				CLANG_ANALYZER_NUMBER_OBJECT_CONVERSION = YES_AGGRESSIVE;
				CLANG_CXX_LANGUAGE_STANDARD = "gnu++14";
				CLANG_CXX_LIBRARY = "libc++";
				CLANG_ENABLE_MODULES = YES;
				CLANG_ENABLE_OBJC_ARC = YES;
				CLANG_ENABLE_OBJC_WEAK = YES;
				CLANG_WARN_BLOCK_CAPTURE_AUTORELEASING = YES;
				CLANG_WARN_BOOL_CONVERSION = YES;
				CLANG_WARN_COMMA = YES;
				CLANG_WARN_CONSTANT_CONVERSION = YES;
				CLANG_WARN_DEPRECATED_OBJC_IMPLEMENTATIONS = YES;
				CLANG_WARN_DIRECT_OBJC_ISA_USAGE = YES_ERROR;
				CLANG_WARN_DOCUMENTATION_COMMENTS = YES;
				CLANG_WARN_EMPTY_BODY = YES;
				CLANG_WARN_ENUM_CONVERSION = YES;
				CLANG_WARN_INFINITE_RECURSION = YES;
				CLANG_WARN_INT_CONVERSION = YES;
				CLANG_WARN_NON_LITERAL_NULL_CONVERSION = YES;
				CLANG_WARN_OBJC_IMPLICIT_RETAIN_SELF = YES;
				CLANG_WARN_OBJC_LITERAL_CONVERSION = YES;
				CLANG_WARN_OBJC_ROOT_CLASS = YES_ERROR;
				CLANG_WARN_RANGE_LOOP_ANALYSIS = YES;
				CLANG_WARN_STRICT_PROTOTYPES = YES;
				CLANG_WARN_SUSPICIOUS_MOVE = YES;
				CLANG_WARN_UNGUARDED_AVAILABILITY = YES_AGGRESSIVE;
				CLANG_WARN_UNREACHABLE_CODE = YES;
				CLANG_WARN__DUPLICATE_METHOD_MATCH = YES;
				COPY_PHASE_STRIP = NO;
				DEBUG_INFORMATION_FORMAT = dwarf;
				ENABLE_STRICT_OBJC_MSGSEND = YES;
				ENABLE_TESTABILITY = YES;
				GCC_C_LANGUAGE_STANDARD = gnu11;
				GCC_DYNAMIC_NO_PIC = NO;
				GCC_NO_COMMON_BLOCKS = YES;
				GCC_OPTIMIZATION_LEVEL = 0;
				GCC_PREPROCESSOR_DEFINITIONS = (
					"DEBUG=1",
					"$(inherited)",
				);
				GCC_WARN_64_TO_32_BIT_CONVERSION = YES;
				GCC_WARN_ABOUT_RETURN_TYPE = YES_ERROR;
				GCC_WARN_UNDECLARED_SELECTOR = YES;
				GCC_WARN_UNINITIALIZED_AUTOS = YES_AGGRESSIVE;
				GCC_WARN_UNUSED_FUNCTION = YES;
				GCC_WARN_UNUSED_VARIABLE = YES;
				IPHONEOS_DEPLOYMENT_TARGET = 13.0;
				MTL_ENABLE_DEBUG_INFO = INCLUDE_SOURCE;
				MTL_FAST_MATH = YES;
				ONLY_ACTIVE_ARCH = YES;
				SDKROOT = iphoneos;
			};
			name = Debug;
		};
		B68D91252512FEEC00401A04 /* Release */ = {
			isa = XCBuildConfiguration;
			buildSettings = {
				ALWAYS_SEARCH_USER_PATHS = NO;
				CLANG_ANALYZER_NONNULL = YES;
				CLANG_ANALYZER_NUMBER_OBJECT_CONVERSION = YES_AGGRESSIVE;
				CLANG_CXX_LANGUAGE_STANDARD = "gnu++14";
				CLANG_CXX_LIBRARY = "libc++";
				CLANG_ENABLE_MODULES = YES;
				CLANG_ENABLE_OBJC_ARC = YES;
				CLANG_ENABLE_OBJC_WEAK = YES;
				CLANG_WARN_BLOCK_CAPTURE_AUTORELEASING = YES;
				CLANG_WARN_BOOL_CONVERSION = YES;
				CLANG_WARN_COMMA = YES;
				CLANG_WARN_CONSTANT_CONVERSION = YES;
				CLANG_WARN_DEPRECATED_OBJC_IMPLEMENTATIONS = YES;
				CLANG_WARN_DIRECT_OBJC_ISA_USAGE = YES_ERROR;
				CLANG_WARN_DOCUMENTATION_COMMENTS = YES;
				CLANG_WARN_EMPTY_BODY = YES;
				CLANG_WARN_ENUM_CONVERSION = YES;
				CLANG_WARN_INFINITE_RECURSION = YES;
				CLANG_WARN_INT_CONVERSION = YES;
				CLANG_WARN_NON_LITERAL_NULL_CONVERSION = YES;
				CLANG_WARN_OBJC_IMPLICIT_RETAIN_SELF = YES;
				CLANG_WARN_OBJC_LITERAL_CONVERSION = YES;
				CLANG_WARN_OBJC_ROOT_CLASS = YES_ERROR;
				CLANG_WARN_RANGE_LOOP_ANALYSIS = YES;
				CLANG_WARN_STRICT_PROTOTYPES = YES;
				CLANG_WARN_SUSPICIOUS_MOVE = YES;
				CLANG_WARN_UNGUARDED_AVAILABILITY = YES_AGGRESSIVE;
				CLANG_WARN_UNREACHABLE_CODE = YES;
				CLANG_WARN__DUPLICATE_METHOD_MATCH = YES;
				COPY_PHASE_STRIP = NO;
				DEBUG_INFORMATION_FORMAT = "dwarf-with-dsym";
				ENABLE_NS_ASSERTIONS = NO;
				ENABLE_STRICT_OBJC_MSGSEND = YES;
				GCC_C_LANGUAGE_STANDARD = gnu11;
				GCC_NO_COMMON_BLOCKS = YES;
				GCC_WARN_64_TO_32_BIT_CONVERSION = YES;
				GCC_WARN_ABOUT_RETURN_TYPE = YES_ERROR;
				GCC_WARN_UNDECLARED_SELECTOR = YES;
				GCC_WARN_UNINITIALIZED_AUTOS = YES_AGGRESSIVE;
				GCC_WARN_UNUSED_FUNCTION = YES;
				GCC_WARN_UNUSED_VARIABLE = YES;
				IPHONEOS_DEPLOYMENT_TARGET = 13.0;
				MTL_ENABLE_DEBUG_INFO = NO;
				MTL_FAST_MATH = YES;
				SDKROOT = iphoneos;
				VALIDATE_PRODUCT = YES;
			};
			name = Release;
		};
		B68D91272512FEEC00401A04 /* Debug */ = {
			isa = XCBuildConfiguration;
			buildSettings = {
				ASSETCATALOG_COMPILER_APPICON_NAME = AppIcon;
				CODE_SIGN_STYLE = Automatic;
				DEVELOPMENT_TEAM = NC2M6D7A5Q;
				INFOPLIST_FILE = "NSTimer解决循环泄漏/Info.plist";
				LD_RUNPATH_SEARCH_PATHS = (
					"$(inherited)",
					"@executable_path/Frameworks",
				);
				PRODUCT_BUNDLE_IDENTIFIER = "com.greatyun.NSTimer------";
				PRODUCT_NAME = "$(TARGET_NAME)";
				TARGETED_DEVICE_FAMILY = "1,2";
			};
			name = Debug;
		};
		B68D91282512FEEC00401A04 /* Release */ = {
			isa = XCBuildConfiguration;
			buildSettings = {
				ASSETCATALOG_COMPILER_APPICON_NAME = AppIcon;
				CODE_SIGN_STYLE = Automatic;
				DEVELOPMENT_TEAM = NC2M6D7A5Q;
				INFOPLIST_FILE = "NSTimer解决循环泄漏/Info.plist";
				LD_RUNPATH_SEARCH_PATHS = (
					"$(inherited)",
					"@executable_path/Frameworks",
				);
				PRODUCT_BUNDLE_IDENTIFIER = "com.greatyun.NSTimer------";
				PRODUCT_NAME = "$(TARGET_NAME)";
				TARGETED_DEVICE_FAMILY = "1,2";
			};
			name = Release;
		};
/* End XCBuildConfiguration section */

/* Begin XCConfigurationList section */
		B68D91082512FEE400401A04 /* Build configuration list for PBXProject "NSTimer解决循环泄漏" */ = {
			isa = XCConfigurationList;
			buildConfigurations = (
				B68D91242512FEEC00401A04 /* Debug */,
				B68D91252512FEEC00401A04 /* Release */,
			);
			defaultConfigurationIsVisible = 0;
			defaultConfigurationName = Release;
		};
		B68D91262512FEEC00401A04 /* Build configuration list for PBXNativeTarget "NSTimer解决循环泄漏" */ = {
			isa = XCConfigurationList;
			buildConfigurations = (
				B68D91272512FEEC00401A04 /* Debug */,
				B68D91282512FEEC00401A04 /* Release */,
			);
			defaultConfigurationIsVisible = 0;
			defaultConfigurationName = Release;
		};
/* End XCConfigurationList section */
	};
	rootObject = B68D91052512FEE400401A04 /* Project object */;
}
